Microsoft Visual Studio Solution File, Format Version 10.00
# Visual C++ Express 2008
Project("{8BC9CEB8-8B4A-11D0-8D11-00A0C91BC942}") = "tinyxml_lib", "tinyxml\tinyxml_lib.vcproj", "{C406DAEC-0886-4771-8DEA-9D7329B46CC1}"
EndProject
Project("{8BC9CEB8-8B4A-11D0-8D11-00A0C91BC942}") = "Test", "test.vcproj", "{FC5E6837-9810-43F3-AE5D-A4CDDDF5D1AF}"
	ProjectSection(ProjectDependencies) = postProject
		{C406DAEC-0886-4771-8DEA-9D7329B46CC1} = {C406DAEC-0886-4771-8DEA-9D7329B46CC1}
	EndProjectSection
EndProject
Project("{8BC9CEB8-8B4A-11D0-8D11-00A0C91BC942}") = "Hash", "Hash\Hash.vcproj", "{E6A62552-2C5D-430F-9DFF-DEA7FC3F723F}"
EndProject
Global
	GlobalSection(SolutionConfigurationPlatforms) = preSolution
		Debug|Win32 = Debug|Win32
		Release|Win32 = Release|Win32
	EndGlobalSection
	GlobalSection(ProjectConfigurationPlatforms) = postSolution
		{C406DAEC-0886-4771-8DEA-9D7329B46CC1}.Debug|Win32.ActiveCfg = Debug|Win32
		{C406DAEC-0886-4771-8DEA-9D7329B46CC1}.Debug|Win32.Build.0 = Debug|Win32
		{C406DAEC-0886-4771-8DEA-9D7329B46CC1}.Release|Win32.ActiveCfg = Release|Win32
		{C406DAEC-0886-4771-8DEA-9D7329B46CC1}.Release|Win32.Build.0 = Release|Win32
		{FC5E6837-9810-43F3-AE5D-A4CDDDF5D1AF}.Debug|Win32.ActiveCfg = Debug|Win32
		{FC5E6837-9810-43F3-AE5D-A4CDDDF5D1AF}.Debug|Win32.Build.0 = Debug|Win32
		{FC5E6837-9810-43F3-AE5D-A4CDDDF5D1AF}.Release|Win32.ActiveCfg = Release|Win32
		{FC5E6837-9810-43F3-AE5D-A4CDDDF5D1AF}.Release|Win32.Build.0 = Release|Win32
		{E6A62552-2C5D-430F-9DFF-DEA7FC3F723F}.Debug|Win32.ActiveCfg = Debug|Win32
		{E6A62552-2C5D-430F-9DFF-DEA7FC3F723F}.Debug|Win32.Build.0 = Debug|Win32
		{E6A62552-2C5D-430F-9DFF-DEA7FC3F723F}.Release|Win32.ActiveCfg = Release|Win32
		{E6A62552-2C5D-430F-9DFF-DEA7FC3F723F}.Release|Win32.Build.0 = Release|Win32
	EndGlobalSection
	GlobalSection(SolutionProperties) = preSolution
		HideSolutionNode = FALSE
	EndGlobalSection
EndGlobal
